// !$*UTF8*$!
{
	archiveVersion = 1;
	classes = {
	};
	objectVersion = 50;
	objects = {

/* Begin PBXBuildFile section */
		11198F042427B7D3001079B1 /* Note+CoreDataClass.swift in Sources */ = {isa = PBXBuildFile; fileRef = 11198EFC2427B7D3001079B1 /* Note+CoreDataClass.swift */; };
		11198F052427B7D3001079B1 /* Note+CoreDataProperties.swift in Sources */ = {isa = PBXBuildFile; fileRef = 11198EFD2427B7D3001079B1 /* Note+CoreDataProperties.swift */; };
		11198F062427B7D3001079B1 /* Location+CoreDataClass.swift in Sources */ = {isa = PBXBuildFile; fileRef = 11198EFE2427B7D3001079B1 /* Location+CoreDataClass.swift */; };
		11198F072427B7D3001079B1 /* Location+CoreDataProperties.swift in Sources */ = {isa = PBXBuildFile; fileRef = 11198EFF2427B7D3001079B1 /* Location+CoreDataProperties.swift */; };
		11198F082427B7D3001079B1 /* Folder+CoreDataClass.swift in Sources */ = {isa = PBXBuildFile; fileRef = 11198F002427B7D3001079B1 /* Folder+CoreDataClass.swift */; };
		11198F092427B7D3001079B1 /* Folder+CoreDataProperties.swift in Sources */ = {isa = PBXBuildFile; fileRef = 11198F012427B7D3001079B1 /* Folder+CoreDataProperties.swift */; };
		11198F0A2427B7D3001079B1 /* ImageNote+CoreDataClass.swift in Sources */ = {isa = PBXBuildFile; fileRef = 11198F022427B7D3001079B1 /* ImageNote+CoreDataClass.swift */; };
		11198F0B2427B7D3001079B1 /* ImageNote+CoreDataProperties.swift in Sources */ = {isa = PBXBuildFile; fileRef = 11198F032427B7D3001079B1 /* ImageNote+CoreDataProperties.swift */; };
		11279921240960DB0037CDF5 /* AppDelegate.swift in Sources */ = {isa = PBXBuildFile; fileRef = 11279920240960DB0037CDF5 /* AppDelegate.swift */; };
		11279923240960DB0037CDF5 /* SceneDelegate.swift in Sources */ = {isa = PBXBuildFile; fileRef = 11279922240960DB0037CDF5 /* SceneDelegate.swift */; };
		11279928240960DB0037CDF5 /* Main.storyboard in Resources */ = {isa = PBXBuildFile; fileRef = 11279926240960DB0037CDF5 /* Main.storyboard */; };
		1127992B240960DB0037CDF5 /* LocationNotea.xcdatamodeld in Sources */ = {isa = PBXBuildFile; fileRef = 11279929240960DB0037CDF5 /* LocationNotea.xcdatamodeld */; };
		1127992D240960DD0037CDF5 /* Assets.xcassets in Resources */ = {isa = PBXBuildFile; fileRef = 1127992C240960DD0037CDF5 /* Assets.xcassets */; };
		11279930240960DD0037CDF5 /* LaunchScreen.storyboard in Resources */ = {isa = PBXBuildFile; fileRef = 1127992E240960DD0037CDF5 /* LaunchScreen.storyboard */; };
		112CCC9C243B7FC300CDEACF /* FoldersController.swift in Sources */ = {isa = PBXBuildFile; fileRef = 112CCC9B243B7FC300CDEACF /* FoldersController.swift */; };
		116BF3FD247444B7004841E7 /* SelectFolderController.swift in Sources */ = {isa = PBXBuildFile; fileRef = 116BF3FC247444B7004841E7 /* SelectFolderController.swift */; };
		1189FFD12440B5D2004C66AA /* FolderController.swift in Sources */ = {isa = PBXBuildFile; fileRef = 1189FFD02440B5D2004C66AA /* FolderController.swift */; };
		1189FFD32440C8C1004C66AA /* NoteController.swift in Sources */ = {isa = PBXBuildFile; fileRef = 1189FFD22440C8C1004C66AA /* NoteController.swift */; };
		11DC6E24242CD6FF00096857 /* CoreDataManager.swift in Sources */ = {isa = PBXBuildFile; fileRef = 11DC6E23242CD6FF00096857 /* CoreDataManager.swift */; };
/* End PBXBuildFile section */

/* Begin PBXFileReference section */
		11198EFC2427B7D3001079B1 /* Note+CoreDataClass.swift */ = {isa = PBXFileReference; lastKnownFileType = sourcecode.swift; path = "Note+CoreDataClass.swift"; sourceTree = "<group>"; };
		11198EFD2427B7D3001079B1 /* Note+CoreDataProperties.swift */ = {isa = PBXFileReference; lastKnownFileType = sourcecode.swift; path = "Note+CoreDataProperties.swift"; sourceTree = "<group>"; };
		11198EFE2427B7D3001079B1 /* Location+CoreDataClass.swift */ = {isa = PBXFileReference; lastKnownFileType = sourcecode.swift; path = "Location+CoreDataClass.swift"; sourceTree = "<group>"; };
		11198EFF2427B7D3001079B1 /* Location+CoreDataProperties.swift */ = {isa = PBXFileReference; lastKnownFileType = sourcecode.swift; path = "Location+CoreDataProperties.swift"; sourceTree = "<group>"; };
		11198F002427B7D3001079B1 /* Folder+CoreDataClass.swift */ = {isa = PBXFileReference; lastKnownFileType = sourcecode.swift; path = "Folder+CoreDataClass.swift"; sourceTree = "<group>"; };
		11198F012427B7D3001079B1 /* Folder+CoreDataProperties.swift */ = {isa = PBXFileReference; lastKnownFileType = sourcecode.swift; path = "Folder+CoreDataProperties.swift"; sourceTree = "<group>"; };
		11198F022427B7D3001079B1 /* ImageNote+CoreDataClass.swift */ = {isa = PBXFileReference; lastKnownFileType = sourcecode.swift; path = "ImageNote+CoreDataClass.swift"; sourceTree = "<group>"; };
		11198F032427B7D3001079B1 /* ImageNote+CoreDataProperties.swift */ = {isa = PBXFileReference; lastKnownFileType = sourcecode.swift; path = "ImageNote+CoreDataProperties.swift"; sourceTree = "<group>"; };
		1127991D240960DB0037CDF5 /* LocationNotes.app */ = {isa = PBXFileReference; explicitFileType = wrapper.application; includeInIndex = 0; path = LocationNotes.app; sourceTree = BUILT_PRODUCTS_DIR; };
		11279920240960DB0037CDF5 /* AppDelegate.swift */ = {isa = PBXFileReference; lastKnownFileType = sourcecode.swift; path = AppDelegate.swift; sourceTree = "<group>"; };
		11279922240960DB0037CDF5 /* SceneDelegate.swift */ = {isa = PBXFileReference; lastKnownFileType = sourcecode.swift; path = SceneDelegate.swift; sourceTree = "<group>"; };
		11279927240960DB0037CDF5 /* Base */ = {isa = PBXFileReference; lastKnownFileType = file.storyboard; name = Base; path = Base.lproj/Main.storyboard; sourceTree = "<group>"; };
		1127992A240960DB0037CDF5 /* LocationNotea.xcdatamodel */ = {isa = PBXFileReference; lastKnownFileType = wrapper.xcdatamodel; path = LocationNotea.xcdatamodel; sourceTree = "<group>"; };
		1127992C240960DD0037CDF5 /* Assets.xcassets */ = {isa = PBXFileReference; lastKnownFileType = folder.assetcatalog; path = Assets.xcassets; sourceTree = "<group>"; };
		1127992F240960DD0037CDF5 /* Base */ = {isa = PBXFileReference; lastKnownFileType = file.storyboard; name = Base; path = Base.lproj/LaunchScreen.storyboard; sourceTree = "<group>"; };
		11279931240960DD0037CDF5 /* Info.plist */ = {isa = PBXFileReference; lastKnownFileType = text.plist.xml; path = Info.plist; sourceTree = "<group>"; };
		112CCC9B243B7FC300CDEACF /* FoldersController.swift */ = {isa = PBXFileReference; lastKnownFileType = sourcecode.swift; path = FoldersController.swift; sourceTree = "<group>"; };
		116BF3FC247444B7004841E7 /* SelectFolderController.swift */ = {isa = PBXFileReference; lastKnownFileType = sourcecode.swift; path = SelectFolderController.swift; sourceTree = "<group>"; };
		1189FFD02440B5D2004C66AA /* FolderController.swift */ = {isa = PBXFileReference; lastKnownFileType = sourcecode.swift; path = FolderController.swift; sourceTree = "<group>"; usesTabs = 0; };
		1189FFD22440C8C1004C66AA /* NoteController.swift */ = {isa = PBXFileReference; lastKnownFileType = sourcecode.swift; path = NoteController.swift; sourceTree = "<group>"; };
		11DC6E23242CD6FF00096857 /* CoreDataManager.swift */ = {isa = PBXFileReference; lastKnownFileType = sourcecode.swift; path = CoreDataManager.swift; sourceTree = "<group>"; };
/* End PBXFileReference section */

/* Begin PBXFrameworksBuildPhase section */
		1127991A240960DB0037CDF5 /* Frameworks */ = {
			isa = PBXFrameworksBuildPhase;
			buildActionMask = 2147483647;
			files = (
			);
			runOnlyForDeploymentPostprocessing = 0;
		};
/* End PBXFrameworksBuildPhase section */

/* Begin PBXGroup section */
		11198EFB2427B796001079B1 /* Model */ = {
			isa = PBXGroup;
			children = (
				11279929240960DB0037CDF5 /* LocationNotea.xcdatamodeld */,
				11DC6E23242CD6FF00096857 /* CoreDataManager.swift */,
				11198EFC2427B7D3001079B1 /* Note+CoreDataClass.swift */,
				11198EFD2427B7D3001079B1 /* Note+CoreDataProperties.swift */,
				11198EFE2427B7D3001079B1 /* Location+CoreDataClass.swift */,
				11198EFF2427B7D3001079B1 /* Location+CoreDataProperties.swift */,
				11198F002427B7D3001079B1 /* Folder+CoreDataClass.swift */,
				11198F012427B7D3001079B1 /* Folder+CoreDataProperties.swift */,
				11198F022427B7D3001079B1 /* ImageNote+CoreDataClass.swift */,
				11198F032427B7D3001079B1 /* ImageNote+CoreDataProperties.swift */,
			);
			path = Model;
			sourceTree = "<group>";
		};
		11279914240960DB0037CDF5 = {
			isa = PBXGroup;
			children = (
				1127991F240960DB0037CDF5 /* LocationNotea */,
				1127991E240960DB0037CDF5 /* Products */,
			);
			sourceTree = "<group>";
		};
		1127991E240960DB0037CDF5 /* Products */ = {
			isa = PBXGroup;
			children = (
				1127991D240960DB0037CDF5 /* LocationNotes.app */,
			);
			name = Products;
			sourceTree = "<group>";
		};
		1127991F240960DB0037CDF5 /* LocationNotea */ = {
			isa = PBXGroup;
			children = (
				11198EFB2427B796001079B1 /* Model */,
				11279920240960DB0037CDF5 /* AppDelegate.swift */,
				1189FFD02440B5D2004C66AA /* FolderController.swift */,
				112CCC9B243B7FC300CDEACF /* FoldersController.swift */,
				1189FFD22440C8C1004C66AA /* NoteController.swift */,
				11279922240960DB0037CDF5 /* SceneDelegate.swift */,
				116BF3FC247444B7004841E7 /* SelectFolderController.swift */,
				11279926240960DB0037CDF5 /* Main.storyboard */,
				1127992C240960DD0037CDF5 /* Assets.xcassets */,
				1127992E240960DD0037CDF5 /* LaunchScreen.storyboard */,
				11279931240960DD0037CDF5 /* Info.plist */,
			);
			path = LocationNotea;
			sourceTree = "<group>";
		};
/* End PBXGroup section */

/* Begin PBXNativeTarget section */
		1127991C240960DB0037CDF5 /* LocationNotea */ = {
			isa = PBXNativeTarget;
			buildConfigurationList = 11279934240960DD0037CDF5 /* Build configuration list for PBXNativeTarget "LocationNotea" */;
			buildPhases = (
				11279919240960DB0037CDF5 /* Sources */,
				1127991A240960DB0037CDF5 /* Frameworks */,
				1127991B240960DB0037CDF5 /* Resources */,
			);
			buildRules = (
			);
			dependencies = (
			);
			name = LocationNotea;
			productName = LocationNotea;
			productReference = 1127991D240960DB0037CDF5 /* LocationNotes.app */;
			productType = "com.apple.product-type.application";
		};
/* End PBXNativeTarget section */

/* Begin PBXProject section */
		11279915240960DB0037CDF5 /* Project object */ = {
			isa = PBXProject;
			attributes = {
				LastSwiftUpdateCheck = 1130;
				LastUpgradeCheck = 1130;
				ORGANIZATIONNAME = Nikita;
				TargetAttributes = {
					1127991C240960DB0037CDF5 = {
						CreatedOnToolsVersion = 11.3.1;
					};
				};
			};
			buildConfigurationList = 11279918240960DB0037CDF5 /* Build configuration list for PBXProject "LocationNotea" */;
			compatibilityVersion = "Xcode 9.3";
			developmentRegion = en;
			hasScannedForEncodings = 0;
			knownRegions = (
				en,
				Base,
			);
			mainGroup = 11279914240960DB0037CDF5;
			productRefGroup = 1127991E240960DB0037CDF5 /* Products */;
			projectDirPath = "";
			projectRoot = "";
			targets = (
				1127991C240960DB0037CDF5 /* LocationNotea */,
			);
		};
/* End PBXProject section */

/* Begin PBXResourcesBuildPhase section */
		1127991B240960DB0037CDF5 /* Resources */ = {
			isa = PBXResourcesBuildPhase;
			buildActionMask = 2147483647;
			files = (
				11279930240960DD0037CDF5 /* LaunchScreen.storyboard in Resources */,
				1127992D240960DD0037CDF5 /* Assets.xcassets in Resources */,
				11279928240960DB0037CDF5 /* Main.storyboard in Resources */,
			);
			runOnlyForDeploymentPostprocessing = 0;
		};
/* End PBXResourcesBuildPhase section */

/* Begin PBXSourcesBuildPhase section */
		11279919240960DB0037CDF5 /* Sources */ = {
			isa = PBXSourcesBuildPhase;
			buildActionMask = 2147483647;
			files = (
				11198F062427B7D3001079B1 /* Location+CoreDataClass.swift in Sources */,
				11198F072427B7D3001079B1 /* Location+CoreDataProperties.swift in Sources */,
				112CCC9C243B7FC300CDEACF /* FoldersController.swift in Sources */,
				1189FFD12440B5D2004C66AA /* FolderController.swift in Sources */,
				1189FFD32440C8C1004C66AA /* NoteController.swift in Sources */,
				11279921240960DB0037CDF5 /* AppDelegate.swift in Sources */,
				11198F042427B7D3001079B1 /* Note+CoreDataClass.swift in Sources */,
				116BF3FD247444B7004841E7 /* SelectFolderController.swift in Sources */,
				11198F092427B7D3001079B1 /* Folder+CoreDataProperties.swift in Sources */,
				11198F0A2427B7D3001079B1 /* ImageNote+CoreDataClass.swift in Sources */,
				11DC6E24242CD6FF00096857 /* CoreDataManager.swift in Sources */,
				1127992B240960DB0037CDF5 /* LocationNotea.xcdatamodeld in Sources */,
				11198F0B2427B7D3001079B1 /* ImageNote+CoreDataProperties.swift in Sources */,
				11198F082427B7D3001079B1 /* Folder+CoreDataClass.swift in Sources */,
				11279923240960DB0037CDF5 /* SceneDelegate.swift in Sources */,
				11198F052427B7D3001079B1 /* Note+CoreDataProperties.swift in Sources */,
			);
			runOnlyForDeploymentPostprocessing = 0;
		};
/* End PBXSourcesBuildPhase section */

/* Begin PBXVariantGroup section */
		11279926240960DB0037CDF5 /* Main.storyboard */ = {
			isa = PBXVariantGroup;
			children = (
				11279927240960DB0037CDF5 /* Base */,
			);
			name = Main.storyboard;
			sourceTree = "<group>";
		};
		1127992E240960DD0037CDF5 /* LaunchScreen.storyboard */ = {
			isa = PBXVariantGroup;
			children = (
				1127992F240960DD0037CDF5 /* Base */,
			);
			name = LaunchScreen.storyboard;
			sourceTree = "<group>";
		};
/* End PBXVariantGroup section */

/* Begin XCBuildConfiguration section */
		11279932240960DD0037CDF5 /* Debug */ = {
			isa = XCBuildConfiguration;
			buildSettings = {
				ALWAYS_SEARCH_USER_PATHS = NO;
				CLANG_ANALYZER_NONNULL = YES;
				CLANG_ANALYZER_NUMBER_OBJECT_CONVERSION = YES_AGGRESSIVE;
				CLANG_CXX_LANGUAGE_STANDARD = "gnu++14";
				CLANG_CXX_LIBRARY = "libc++";
				CLANG_ENABLE_MODULES = YES;
				CLANG_ENABLE_OBJC_ARC = YES;
				CLANG_ENABLE_OBJC_WEAK = YES;
				CLANG_WARN_BLOCK_CAPTURE_AUTORELEASING = YES;
				CLANG_WARN_BOOL_CONVERSION = YES;
				CLANG_WARN_COMMA = YES;
				CLANG_WARN_CONSTANT_CONVERSION = YES;
				CLANG_WARN_DEPRECATED_OBJC_IMPLEMENTATIONS = YES;
				CLANG_WARN_DIRECT_OBJC_ISA_USAGE = YES_ERROR;
				CLANG_WARN_DOCUMENTATION_COMMENTS = YES;
				CLANG_WARN_EMPTY_BODY = YES;
				CLANG_WARN_ENUM_CONVERSION = YES;
				CLANG_WARN_INFINITE_RECURSION = YES;
				CLANG_WARN_INT_CONVERSION = YES;
				CLANG_WARN_NON_LITERAL_NULL_CONVERSION = YES;
				CLANG_WARN_OBJC_IMPLICIT_RETAIN_SELF = YES;
				CLANG_WARN_OBJC_LITERAL_CONVERSION = YES;
				CLANG_WARN_OBJC_ROOT_CLASS = YES_ERROR;
				CLANG_WARN_RANGE_LOOP_ANALYSIS = YES;
				CLANG_WARN_STRICT_PROTOTYPES = YES;
				CLANG_WARN_SUSPICIOUS_MOVE = YES;
				CLANG_WARN_UNGUARDED_AVAILABILITY = YES_AGGRESSIVE;
				CLANG_WARN_UNREACHABLE_CODE = YES;
				CLANG_WARN__DUPLICATE_METHOD_MATCH = YES;
				COPY_PHASE_STRIP = NO;
				DEBUG_INFORMATION_FORMAT = dwarf;
				ENABLE_STRICT_OBJC_MSGSEND = YES;
				ENABLE_TESTABILITY = YES;
				GCC_C_LANGUAGE_STANDARD = gnu11;
				GCC_DYNAMIC_NO_PIC = NO;
				GCC_NO_COMMON_BLOCKS = YES;
				GCC_OPTIMIZATION_LEVEL = 0;
				GCC_PREPROCESSOR_DEFINITIONS = (
					"DEBUG=1",
					"$(inherited)",
				);
				GCC_WARN_64_TO_32_BIT_CONVERSION = YES;
				GCC_WARN_ABOUT_RETURN_TYPE = YES_ERROR;
				GCC_WARN_UNDECLARED_SELECTOR = YES;
				GCC_WARN_UNINITIALIZED_AUTOS = YES_AGGRESSIVE;
				GCC_WARN_UNUSED_FUNCTION = YES;
				GCC_WARN_UNUSED_VARIABLE = YES;
				IPHONEOS_DEPLOYMENT_TARGET = 13.2;
				MTL_ENABLE_DEBUG_INFO = INCLUDE_SOURCE;
				MTL_FAST_MATH = YES;
				ONLY_ACTIVE_ARCH = YES;
				SDKROOT = iphoneos;
				SWIFT_ACTIVE_COMPILATION_CONDITIONS = DEBUG;
				SWIFT_OPTIMIZATION_LEVEL = "-Onone";
			};
			name = Debug;
		};
		11279933240960DD0037CDF5 /* Release */ = {
			isa = XCBuildConfiguration;
			buildSettings = {
				ALWAYS_SEARCH_USER_PATHS = NO;
				CLANG_ANALYZER_NONNULL = YES;
				CLANG_ANALYZER_NUMBER_OBJECT_CONVERSION = YES_AGGRESSIVE;
				CLANG_CXX_LANGUAGE_STANDARD = "gnu++14";
				CLANG_CXX_LIBRARY = "libc++";
				CLANG_ENABLE_MODULES = YES;
				CLANG_ENABLE_OBJC_ARC = YES;
				CLANG_ENABLE_OBJC_WEAK = YES;
				CLANG_WARN_BLOCK_CAPTURE_AUTORELEASING = YES;
				CLANG_WARN_BOOL_CONVERSION = YES;
				CLANG_WARN_COMMA = YES;
				CLANG_WARN_CONSTANT_CONVERSION = YES;
				CLANG_WARN_DEPRECATED_OBJC_IMPLEMENTATIONS = YES;
				CLANG_WARN_DIRECT_OBJC_ISA_USAGE = YES_ERROR;
				CLANG_WARN_DOCUMENTATION_COMMENTS = YES;
				CLANG_WARN_EMPTY_BODY = YES;
				CLANG_WARN_ENUM_CONVERSION = YES;
				CLANG_WARN_INFINITE_RECURSION = YES;
				CLANG_WARN_INT_CONVERSION = YES;
				CLANG_WARN_NON_LITERAL_NULL_CONVERSION = YES;
				CLANG_WARN_OBJC_IMPLICIT_RETAIN_SELF = YES;
				CLANG_WARN_OBJC_LITERAL_CONVERSION = YES;
				CLANG_WARN_OBJC_ROOT_CLASS = YES_ERROR;
				CLANG_WARN_RANGE_LOOP_ANALYSIS = YES;
				CLANG_WARN_STRICT_PROTOTYPES = YES;
				CLANG_WARN_SUSPICIOUS_MOVE = YES;
				CLANG_WARN_UNGUARDED_AVAILABILITY = YES_AGGRESSIVE;
				CLANG_WARN_UNREACHABLE_CODE = YES;
				CLANG_WARN__DUPLICATE_METHOD_MATCH = YES;
				COPY_PHASE_STRIP = NO;
				DEBUG_INFORMATION_FORMAT = "dwarf-with-dsym";
				ENABLE_NS_ASSERTIONS = NO;
				ENABLE_STRICT_OBJC_MSGSEND = YES;
				GCC_C_LANGUAGE_STANDARD = gnu11;
				GCC_NO_COMMON_BLOCKS = YES;
				GCC_WARN_64_TO_32_BIT_CONVERSION = YES;
				GCC_WARN_ABOUT_RETURN_TYPE = YES_ERROR;
				GCC_WARN_UNDECLARED_SELECTOR = YES;
				GCC_WARN_UNINITIALIZED_AUTOS = YES_AGGRESSIVE;
				GCC_WARN_UNUSED_FUNCTION = YES;
				GCC_WARN_UNUSED_VARIABLE = YES;
				IPHONEOS_DEPLOYMENT_TARGET = 13.2;
				MTL_ENABLE_DEBUG_INFO = NO;
				MTL_FAST_MATH = YES;
				SDKROOT = iphoneos;
				SWIFT_COMPILATION_MODE = wholemodule;
				SWIFT_OPTIMIZATION_LEVEL = "-O";
				VALIDATE_PRODUCT = YES;
			};
			name = Release;
		};
		11279935240960DD0037CDF5 /* Debug */ = {
			isa = XCBuildConfiguration;
			buildSettings = {
				ASSETCATALOG_COMPILER_APPICON_NAME = AppIcon;
				CODE_SIGN_STYLE = Automatic;
				INFOPLIST_FILE = LocationNotea/Info.plist;
				LD_RUNPATH_SEARCH_PATHS = (
					"$(inherited)",
					"@executable_path/Frameworks",
				);
				PRODUCT_BUNDLE_IDENTIFIER = Nikita.LocationNotes;
				PRODUCT_NAME = LocationNotes;
				SWIFT_VERSION = 5.0;
				TARGETED_DEVICE_FAMILY = "1,2";
			};
			name = Debug;
		};
		11279936240960DD0037CDF5 /* Release */ = {
			isa = XCBuildConfiguration;
			buildSettings = {
				ASSETCATALOG_COMPILER_APPICON_NAME = AppIcon;
				CODE_SIGN_STYLE = Automatic;
				INFOPLIST_FILE = LocationNotea/Info.plist;
				LD_RUNPATH_SEARCH_PATHS = (
					"$(inherited)",
					"@executable_path/Frameworks",
				);
				PRODUCT_BUNDLE_IDENTIFIER = Nikita.LocationNotes;
				PRODUCT_NAME = LocationNotes;
				SWIFT_VERSION = 5.0;
				TARGETED_DEVICE_FAMILY = "1,2";
			};
			name = Release;
		};
/* End XCBuildConfiguration section */

/* Begin XCConfigurationList section */
		11279918240960DB0037CDF5 /* Build configuration list for PBXProject "LocationNotea" */ = {
			isa = XCConfigurationList;
			buildConfigurations = (
				11279932240960DD0037CDF5 /* Debug */,
				11279933240960DD0037CDF5 /* Release */,
			);
			defaultConfigurationIsVisible = 0;
			defaultConfigurationName = Release;
		};
		11279934240960DD0037CDF5 /* Build configuration list for PBXNativeTarget "LocationNotea" */ = {
			isa = XCConfigurationList;
			buildConfigurations = (
				11279935240960DD0037CDF5 /* Debug */,
				11279936240960DD0037CDF5 /* Release */,
			);
			defaultConfigurationIsVisible = 0;
			defaultConfigurationName = Release;
		};
/* End XCConfigurationList section */

/* Begin XCVersionGroup section */
		11279929240960DB0037CDF5 /* LocationNotea.xcdatamodeld */ = {
			isa = XCVersionGroup;
			children = (
				1127992A240960DB0037CDF5 /* LocationNotea.xcdatamodel */,
			);
			currentVersion = 1127992A240960DB0037CDF5 /* LocationNotea.xcdatamodel */;
			path = LocationNotea.xcdatamodeld;
			sourceTree = "<group>";
			versionGroupType = wrapper.xcdatamodel;
		};
/* End XCVersionGroup section */
	};
	rootObject = 11279915240960DB0037CDF5 /* Project object */;
}
